
Microsoft Visual Studio Solution File, Format Version 12.00
# Visual Studio 15
VisualStudioVersion = 15.0.28307.539
MinimumVisualStudioVersion = 10.0.40219.1
Project("{FAE04EC0-301F-11D3-BF4B-00C04F79EFBC}") = "QuickBuy.Domain", "QuickBuy.Dominio\QuickBuy.Domain.csproj", "{9FA9FFA3-D6D5-4703-B076-C5D9CC399FD2}"
EndProject
Project("{FAE04EC0-301F-11D3-BF4B-00C04F79EFBC}") = "QuickBuy.Repository", "QuickBuy.Repository\QuickBuy.Repository.csproj", "{5473D68B-1F1A-4E44-B8A0-D1752F51620F}"
EndProject
Project("{FAE04EC0-301F-11D3-BF4B-00C04F79EFBC}") = "QuickBuy.Web", "QuickBuy.Web\QuickBuy.Web.csproj", "{3BA87732-3BB3-4565-BB37-13174F393213}"
EndProject
Global
	GlobalSection(SolutionConfigurationPlatforms) = preSolution
		Debug|Any CPU = Debug|Any CPU
		Release|Any CPU = Release|Any CPU
	EndGlobalSection
	GlobalSection(ProjectConfigurationPlatforms) = postSolution
		{9FA9FFA3-D6D5-4703-B076-C5D9CC399FD2}.Debug|Any CPU.ActiveCfg = Debug|Any CPU
		{9FA9FFA3-D6D5-4703-B076-C5D9CC399FD2}.Debug|Any CPU.Build.0 = Debug|Any CPU
		{9FA9FFA3-D6D5-4703-B076-C5D9CC399FD2}.Release|Any CPU.ActiveCfg = Release|Any CPU
		{9FA9FFA3-D6D5-4703-B076-C5D9CC399FD2}.Release|Any CPU.Build.0 = Release|Any CPU
		{5473D68B-1F1A-4E44-B8A0-D1752F51620F}.Debug|Any CPU.ActiveCfg = Debug|Any CPU
		{5473D68B-1F1A-4E44-B8A0-D1752F51620F}.Debug|Any CPU.Build.0 = Debug|Any CPU
		{5473D68B-1F1A-4E44-B8A0-D1752F51620F}.Release|Any CPU.ActiveCfg = Release|Any CPU
		{5473D68B-1F1A-4E44-B8A0-D1752F51620F}.Release|Any CPU.Build.0 = Release|Any CPU
		{3BA87732-3BB3-4565-BB37-13174F393213}.Debug|Any CPU.ActiveCfg = Debug|Any CPU
		{3BA87732-3BB3-4565-BB37-13174F393213}.Debug|Any CPU.Build.0 = Debug|Any CPU
		{3BA87732-3BB3-4565-BB37-13174F393213}.Release|Any CPU.ActiveCfg = Release|Any CPU
		{3BA87732-3BB3-4565-BB37-13174F393213}.Release|Any CPU.Build.0 = Release|Any CPU
	EndGlobalSection
	GlobalSection(SolutionProperties) = preSolution
		HideSolutionNode = FALSE
	EndGlobalSection
	GlobalSection(ExtensibilityGlobals) = postSolution
		SolutionGuid = {5A63C05F-D117-4E4B-872C-4AAF4CD775DF}
	EndGlobalSection
EndGlobal
